
Microsoft Visual Studio Solution File, Format Version 12.00
# Visual Studio Version 16
VisualStudioVersion = 16.0.31321.278
MinimumVisualStudioVersion = 10.0.40219.1
Project("{FAE04EC0-301F-11D3-BF4B-00C04F79EFBC}") = "messageapp", "messageapp\messageapp.csproj", "{E821A874-A928-4344-B53A-CA44589B3D5F}"
EndProject
Global
	GlobalSection(SolutionConfigurationPlatforms) = preSolution
		Debug|Any CPU = Debug|Any CPU
		Release|Any CPU = Release|Any CPU
	EndGlobalSection
	GlobalSection(ProjectConfigurationPlatforms) = postSolution
		{E821A874-A928-4344-B53A-CA44589B3D5F}.Debug|Any CPU.ActiveCfg = Debug|Any CPU
		{E821A874-A928-4344-B53A-CA44589B3D5F}.Debug|Any CPU.Build.0 = Debug|Any CPU
		{E821A874-A928-4344-B53A-CA44589B3D5F}.Release|Any CPU.ActiveCfg = Release|Any CPU
		{E821A874-A928-4344-B53A-CA44589B3D5F}.Release|Any CPU.Build.0 = Release|Any CPU
	EndGlobalSection
	GlobalSection(SolutionProperties) = preSolution
		HideSolutionNode = FALSE
	EndGlobalSection
	GlobalSection(ExtensibilityGlobals) = postSolution
		SolutionGuid = {77079B92-CB81-4F9A-87D9-07EFA9588EEF}
	EndGlobalSection
EndGlobal
